
Microsoft Visual Studio Solution File, Format Version 12.00
# Visual Studio Version 17
VisualStudioVersion = 17.10.34607.79
MinimumVisualStudioVersion = 10.0.40219.1
Project("{9A19103F-16F7-4668-BE54-9A1E7A4F7556}") = "SigmaPracticalTask", "SigmaPracticalTask\SigmaPracticalTask.csproj", "{460DA840-B26E-48DA-ABCB-EDAE0E47C29F}"
EndProject
Project("{9A19103F-16F7-4668-BE54-9A1E7A4F7556}") = "CommonLibrary", "CommonLibrary\CommonLibrary.csproj", "{83BA0CD1-FC70-45F6-A5CE-27B5A0BC18A8}"
EndProject
Global
	GlobalSection(SolutionConfigurationPlatforms) = preSolution
		Debug|Any CPU = Debug|Any CPU
		Release|Any CPU = Release|Any CPU
	EndGlobalSection
	GlobalSection(ProjectConfigurationPlatforms) = postSolution
		{460DA840-B26E-48DA-ABCB-EDAE0E47C29F}.Debug|Any CPU.ActiveCfg = Debug|Any CPU
		{460DA840-B26E-48DA-ABCB-EDAE0E47C29F}.Debug|Any CPU.Build.0 = Debug|Any CPU
		{460DA840-B26E-48DA-ABCB-EDAE0E47C29F}.Release|Any CPU.ActiveCfg = Release|Any CPU
		{460DA840-B26E-48DA-ABCB-EDAE0E47C29F}.Release|Any CPU.Build.0 = Release|Any CPU
		{83BA0CD1-FC70-45F6-A5CE-27B5A0BC18A8}.Debug|Any CPU.ActiveCfg = Debug|Any CPU
		{83BA0CD1-FC70-45F6-A5CE-27B5A0BC18A8}.Debug|Any CPU.Build.0 = Debug|Any CPU
		{83BA0CD1-FC70-45F6-A5CE-27B5A0BC18A8}.Release|Any CPU.ActiveCfg = Release|Any CPU
		{83BA0CD1-FC70-45F6-A5CE-27B5A0BC18A8}.Release|Any CPU.Build.0 = Release|Any CPU
	EndGlobalSection
	GlobalSection(SolutionProperties) = preSolution
		HideSolutionNode = FALSE
	EndGlobalSection
	GlobalSection(ExtensibilityGlobals) = postSolution
		SolutionGuid = {0A0CD06E-7322-4410-B980-691744C935A5}
	EndGlobalSection
EndGlobal
